{
  "object": {
    "pins": [
      {
        "package": "pop",
        "repositoryURL": "https://github.com/vmzhivetyev/pop-spm-package.git",
        "state": {
          "branch": null,
          "revision": "d8cdc7ed56b1b8e9be88e09be61a75786a6c380e",
          "version": "1.0.3"
        }
      }
    ]
  },
  "version": 1
}
