{
  "object": {
    "pins": [
      {
        "package": "pop",
        "repositoryURL": "https://github.com/vmzhivetyev/pop-spm-package.git",
        "state": {
          "branch": null,
          "revision": "7363d7e8b2419e7c47fdea7422bacc0c33cd64f9",
          "version": "1.0.4"
        }
      }
    ]
  },
  "version": 1
}
